// !$*UTF8*$!
{
	archiveVersion = 1;
	classes = {
	};
	objectVersion = 48;
	objects = {

/* Begin PBXBuildFile section */
		9AB0EA2C2038A1B000C60896 /* AppDelegate.swift in Sources */ = {isa = PBXBuildFile; fileRef = 9AB0EA2B2038A1B000C60896 /* AppDelegate.swift */; };
		9AB0EA2E2038A1B000C60896 /* ViewController.swift in Sources */ = {isa = PBXBuildFile; fileRef = 9AB0EA2D2038A1B000C60896 /* ViewController.swift */; };
		9AB0EA312038A1B000C60896 /* Main.storyboard in Resources */ = {isa = PBXBuildFile; fileRef = 9AB0EA2F2038A1B000C60896 /* Main.storyboard */; };
		9AB0EA342038A1B000C60896 /* coreDataNeverCrash.xcdatamodeld in Sources */ = {isa = PBXBuildFile; fileRef = 9AB0EA322038A1B000C60896 /* coreDataNeverCrash.xcdatamodeld */; };
		9AB0EA362038A1B000C60896 /* Assets.xcassets in Resources */ = {isa = PBXBuildFile; fileRef = 9AB0EA352038A1B000C60896 /* Assets.xcassets */; };
		9AB0EA392038A1B000C60896 /* LaunchScreen.storyboard in Resources */ = {isa = PBXBuildFile; fileRef = 9AB0EA372038A1B000C60896 /* LaunchScreen.storyboard */; };
		9AB0EA412038A20700C60896 /* LoremSwiftum.swift in Sources */ = {isa = PBXBuildFile; fileRef = 9AB0EA402038A20700C60896 /* LoremSwiftum.swift */; };
		9AB0EA432038A28600C60896 /* FetchedResultsControllerManager.swift in Sources */ = {isa = PBXBuildFile; fileRef = 9AB0EA422038A28600C60896 /* FetchedResultsControllerManager.swift */; };
		9AB0EA452038ABF100C60896 /* Randoms.swift in Sources */ = {isa = PBXBuildFile; fileRef = 9AB0EA442038ABF100C60896 /* Randoms.swift */; };
/* End PBXBuildFile section */

/* Begin PBXFileReference section */
		9AB0EA282038A1B000C60896 /* coreDataNeverCrash.app */ = {isa = PBXFileReference; explicitFileType = wrapper.application; includeInIndex = 0; path = coreDataNeverCrash.app; sourceTree = BUILT_PRODUCTS_DIR; };
		9AB0EA2B2038A1B000C60896 /* AppDelegate.swift */ = {isa = PBXFileReference; lastKnownFileType = sourcecode.swift; path = AppDelegate.swift; sourceTree = "<group>"; };
		9AB0EA2D2038A1B000C60896 /* ViewController.swift */ = {isa = PBXFileReference; lastKnownFileType = sourcecode.swift; path = ViewController.swift; sourceTree = "<group>"; };
		9AB0EA302038A1B000C60896 /* Base */ = {isa = PBXFileReference; lastKnownFileType = file.storyboard; name = Base; path = Base.lproj/Main.storyboard; sourceTree = "<group>"; };
		9AB0EA332038A1B000C60896 /* coreDataNeverCrash.xcdatamodel */ = {isa = PBXFileReference; lastKnownFileType = wrapper.xcdatamodel; path = coreDataNeverCrash.xcdatamodel; sourceTree = "<group>"; };
		9AB0EA352038A1B000C60896 /* Assets.xcassets */ = {isa = PBXFileReference; lastKnownFileType = folder.assetcatalog; path = Assets.xcassets; sourceTree = "<group>"; };
		9AB0EA382038A1B000C60896 /* Base */ = {isa = PBXFileReference; lastKnownFileType = file.storyboard; name = Base; path = Base.lproj/LaunchScreen.storyboard; sourceTree = "<group>"; };
		9AB0EA3A2038A1B000C60896 /* Info.plist */ = {isa = PBXFileReference; lastKnownFileType = text.plist.xml; path = Info.plist; sourceTree = "<group>"; };
		9AB0EA402038A20700C60896 /* LoremSwiftum.swift */ = {isa = PBXFileReference; fileEncoding = 4; lastKnownFileType = sourcecode.swift; path = LoremSwiftum.swift; sourceTree = "<group>"; };
		9AB0EA422038A28600C60896 /* FetchedResultsControllerManager.swift */ = {isa = PBXFileReference; lastKnownFileType = sourcecode.swift; path = FetchedResultsControllerManager.swift; sourceTree = "<group>"; };
		9AB0EA442038ABF100C60896 /* Randoms.swift */ = {isa = PBXFileReference; fileEncoding = 4; lastKnownFileType = sourcecode.swift; path = Randoms.swift; sourceTree = "<group>"; };
/* End PBXFileReference section */

/* Begin PBXFrameworksBuildPhase section */
		9AB0EA252038A1B000C60896 /* Frameworks */ = {
			isa = PBXFrameworksBuildPhase;
			buildActionMask = 2147483647;
			files = (
			);
			runOnlyForDeploymentPostprocessing = 0;
		};
/* End PBXFrameworksBuildPhase section */

/* Begin PBXGroup section */
		9AB0EA1F2038A1B000C60896 = {
			isa = PBXGroup;
			children = (
				9AB0EA2A2038A1B000C60896 /* coreDataNeverCrash */,
				9AB0EA292038A1B000C60896 /* Products */,
			);
			sourceTree = "<group>";
		};
		9AB0EA292038A1B000C60896 /* Products */ = {
			isa = PBXGroup;
			children = (
				9AB0EA282038A1B000C60896 /* coreDataNeverCrash.app */,
			);
			name = Products;
			sourceTree = "<group>";
		};
		9AB0EA2A2038A1B000C60896 /* coreDataNeverCrash */ = {
			isa = PBXGroup;
			children = (
				9AB0EA2B2038A1B000C60896 /* AppDelegate.swift */,
				9AB0EA2D2038A1B000C60896 /* ViewController.swift */,
				9AB0EA422038A28600C60896 /* FetchedResultsControllerManager.swift */,
				9AB0EA2F2038A1B000C60896 /* Main.storyboard */,
				9AB0EA352038A1B000C60896 /* Assets.xcassets */,
				9AB0EA372038A1B000C60896 /* LaunchScreen.storyboard */,
				9AB0EA402038A20700C60896 /* LoremSwiftum.swift */,
				9AB0EA442038ABF100C60896 /* Randoms.swift */,
				9AB0EA3A2038A1B000C60896 /* Info.plist */,
				9AB0EA322038A1B000C60896 /* coreDataNeverCrash.xcdatamodeld */,
			);
			path = coreDataNeverCrash;
			sourceTree = "<group>";
		};
/* End PBXGroup section */

/* Begin PBXNativeTarget section */
		9AB0EA272038A1B000C60896 /* coreDataNeverCrash */ = {
			isa = PBXNativeTarget;
			buildConfigurationList = 9AB0EA3D2038A1B000C60896 /* Build configuration list for PBXNativeTarget "coreDataNeverCrash" */;
			buildPhases = (
				9AB0EA242038A1B000C60896 /* Sources */,
				9AB0EA252038A1B000C60896 /* Frameworks */,
				9AB0EA262038A1B000C60896 /* Resources */,
			);
			buildRules = (
			);
			dependencies = (
			);
			name = coreDataNeverCrash;
			productName = coreDataNeverCrash;
			productReference = 9AB0EA282038A1B000C60896 /* coreDataNeverCrash.app */;
			productType = "com.apple.product-type.application";
		};
/* End PBXNativeTarget section */

/* Begin PBXProject section */
		9AB0EA202038A1B000C60896 /* Project object */ = {
			isa = PBXProject;
			attributes = {
				LastSwiftUpdateCheck = 0920;
				LastUpgradeCheck = 0920;
				ORGANIZATIONNAME = "Jonathan Rose";
				TargetAttributes = {
					9AB0EA272038A1B000C60896 = {
						CreatedOnToolsVersion = 9.2;
						ProvisioningStyle = Automatic;
					};
				};
			};
			buildConfigurationList = 9AB0EA232038A1B000C60896 /* Build configuration list for PBXProject "coreDataNeverCrash" */;
			compatibilityVersion = "Xcode 8.0";
			developmentRegion = en;
			hasScannedForEncodings = 0;
			knownRegions = (
				en,
				Base,
			);
			mainGroup = 9AB0EA1F2038A1B000C60896;
			productRefGroup = 9AB0EA292038A1B000C60896 /* Products */;
			projectDirPath = "";
			projectRoot = "";
			targets = (
				9AB0EA272038A1B000C60896 /* coreDataNeverCrash */,
			);
		};
/* End PBXProject section */

/* Begin PBXResourcesBuildPhase section */
		9AB0EA262038A1B000C60896 /* Resources */ = {
			isa = PBXResourcesBuildPhase;
			buildActionMask = 2147483647;
			files = (
				9AB0EA392038A1B000C60896 /* LaunchScreen.storyboard in Resources */,
				9AB0EA362038A1B000C60896 /* Assets.xcassets in Resources */,
				9AB0EA312038A1B000C60896 /* Main.storyboard in Resources */,
			);
			runOnlyForDeploymentPostprocessing = 0;
		};
/* End PBXResourcesBuildPhase section */

/* Begin PBXSourcesBuildPhase section */
		9AB0EA242038A1B000C60896 /* Sources */ = {
			isa = PBXSourcesBuildPhase;
			buildActionMask = 2147483647;
			files = (
				9AB0EA342038A1B000C60896 /* coreDataNeverCrash.xcdatamodeld in Sources */,
				9AB0EA2E2038A1B000C60896 /* ViewController.swift in Sources */,
				9AB0EA452038ABF100C60896 /* Randoms.swift in Sources */,
				9AB0EA2C2038A1B000C60896 /* AppDelegate.swift in Sources */,
				9AB0EA412038A20700C60896 /* LoremSwiftum.swift in Sources */,
				9AB0EA432038A28600C60896 /* FetchedResultsControllerManager.swift in Sources */,
			);
			runOnlyForDeploymentPostprocessing = 0;
		};
/* End PBXSourcesBuildPhase section */

/* Begin PBXVariantGroup section */
		9AB0EA2F2038A1B000C60896 /* Main.storyboard */ = {
			isa = PBXVariantGroup;
			children = (
				9AB0EA302038A1B000C60896 /* Base */,
			);
			name = Main.storyboard;
			sourceTree = "<group>";
		};
		9AB0EA372038A1B000C60896 /* LaunchScreen.storyboard */ = {
			isa = PBXVariantGroup;
			children = (
				9AB0EA382038A1B000C60896 /* Base */,
			);
			name = LaunchScreen.storyboard;
			sourceTree = "<group>";
		};
/* End PBXVariantGroup section */

/* Begin XCBuildConfiguration section */
		9AB0EA3B2038A1B000C60896 /* Debug */ = {
			isa = XCBuildConfiguration;
			buildSettings = {
				ALWAYS_SEARCH_USER_PATHS = NO;
				CLANG_ANALYZER_NONNULL = YES;
				CLANG_ANALYZER_NUMBER_OBJECT_CONVERSION = YES_AGGRESSIVE;
				CLANG_CXX_LANGUAGE_STANDARD = "gnu++14";
				CLANG_CXX_LIBRARY = "libc++";
				CLANG_ENABLE_MODULES = YES;
				CLANG_ENABLE_OBJC_ARC = YES;
				CLANG_WARN_BLOCK_CAPTURE_AUTORELEASING = YES;
				CLANG_WARN_BOOL_CONVERSION = YES;
				CLANG_WARN_COMMA = YES;
				CLANG_WARN_CONSTANT_CONVERSION = YES;
				CLANG_WARN_DIRECT_OBJC_ISA_USAGE = YES_ERROR;
				CLANG_WARN_DOCUMENTATION_COMMENTS = YES;
				CLANG_WARN_EMPTY_BODY = YES;
				CLANG_WARN_ENUM_CONVERSION = YES;
				CLANG_WARN_INFINITE_RECURSION = YES;
				CLANG_WARN_INT_CONVERSION = YES;
				CLANG_WARN_NON_LITERAL_NULL_CONVERSION = YES;
				CLANG_WARN_OBJC_LITERAL_CONVERSION = YES;
				CLANG_WARN_OBJC_ROOT_CLASS = YES_ERROR;
				CLANG_WARN_RANGE_LOOP_ANALYSIS = YES;
				CLANG_WARN_STRICT_PROTOTYPES = YES;
				CLANG_WARN_SUSPICIOUS_MOVE = YES;
				CLANG_WARN_UNGUARDED_AVAILABILITY = YES_AGGRESSIVE;
				CLANG_WARN_UNREACHABLE_CODE = YES;
				CLANG_WARN__DUPLICATE_METHOD_MATCH = YES;
				CODE_SIGN_IDENTITY = "iPhone Developer";
				COPY_PHASE_STRIP = NO;
				DEBUG_INFORMATION_FORMAT = dwarf;
				ENABLE_STRICT_OBJC_MSGSEND = YES;
				ENABLE_TESTABILITY = YES;
				GCC_C_LANGUAGE_STANDARD = gnu11;
				GCC_DYNAMIC_NO_PIC = NO;
				GCC_NO_COMMON_BLOCKS = YES;
				GCC_OPTIMIZATION_LEVEL = 0;
				GCC_PREPROCESSOR_DEFINITIONS = (
					"DEBUG=1",
					"$(inherited)",
				);
				GCC_WARN_64_TO_32_BIT_CONVERSION = YES;
				GCC_WARN_ABOUT_RETURN_TYPE = YES_ERROR;
				GCC_WARN_UNDECLARED_SELECTOR = YES;
				GCC_WARN_UNINITIALIZED_AUTOS = YES_AGGRESSIVE;
				GCC_WARN_UNUSED_FUNCTION = YES;
				GCC_WARN_UNUSED_VARIABLE = YES;
				IPHONEOS_DEPLOYMENT_TARGET = 11.2;
				MTL_ENABLE_DEBUG_INFO = YES;
				ONLY_ACTIVE_ARCH = YES;
				SDKROOT = iphoneos;
				SWIFT_ACTIVE_COMPILATION_CONDITIONS = DEBUG;
				SWIFT_OPTIMIZATION_LEVEL = "-Onone";
			};
			name = Debug;
		};
		9AB0EA3C2038A1B000C60896 /* Release */ = {
			isa = XCBuildConfiguration;
			buildSettings = {
				ALWAYS_SEARCH_USER_PATHS = NO;
				CLANG_ANALYZER_NONNULL = YES;
				CLANG_ANALYZER_NUMBER_OBJECT_CONVERSION = YES_AGGRESSIVE;
				CLANG_CXX_LANGUAGE_STANDARD = "gnu++14";
				CLANG_CXX_LIBRARY = "libc++";
				CLANG_ENABLE_MODULES = YES;
				CLANG_ENABLE_OBJC_ARC = YES;
				CLANG_WARN_BLOCK_CAPTURE_AUTORELEASING = YES;
				CLANG_WARN_BOOL_CONVERSION = YES;
				CLANG_WARN_COMMA = YES;
				CLANG_WARN_CONSTANT_CONVERSION = YES;
				CLANG_WARN_DIRECT_OBJC_ISA_USAGE = YES_ERROR;
				CLANG_WARN_DOCUMENTATION_COMMENTS = YES;
				CLANG_WARN_EMPTY_BODY = YES;
				CLANG_WARN_ENUM_CONVERSION = YES;
				CLANG_WARN_INFINITE_RECURSION = YES;
				CLANG_WARN_INT_CONVERSION = YES;
				CLANG_WARN_NON_LITERAL_NULL_CONVERSION = YES;
				CLANG_WARN_OBJC_LITERAL_CONVERSION = YES;
				CLANG_WARN_OBJC_ROOT_CLASS = YES_ERROR;
				CLANG_WARN_RANGE_LOOP_ANALYSIS = YES;
				CLANG_WARN_STRICT_PROTOTYPES = YES;
				CLANG_WARN_SUSPICIOUS_MOVE = YES;
				CLANG_WARN_UNGUARDED_AVAILABILITY = YES_AGGRESSIVE;
				CLANG_WARN_UNREACHABLE_CODE = YES;
				CLANG_WARN__DUPLICATE_METHOD_MATCH = YES;
				CODE_SIGN_IDENTITY = "iPhone Developer";
				COPY_PHASE_STRIP = NO;
				DEBUG_INFORMATION_FORMAT = "dwarf-with-dsym";
				ENABLE_NS_ASSERTIONS = NO;
				ENABLE_STRICT_OBJC_MSGSEND = YES;
				GCC_C_LANGUAGE_STANDARD = gnu11;
				GCC_NO_COMMON_BLOCKS = YES;
				GCC_WARN_64_TO_32_BIT_CONVERSION = YES;
				GCC_WARN_ABOUT_RETURN_TYPE = YES_ERROR;
				GCC_WARN_UNDECLARED_SELECTOR = YES;
				GCC_WARN_UNINITIALIZED_AUTOS = YES_AGGRESSIVE;
				GCC_WARN_UNUSED_FUNCTION = YES;
				GCC_WARN_UNUSED_VARIABLE = YES;
				IPHONEOS_DEPLOYMENT_TARGET = 11.2;
				MTL_ENABLE_DEBUG_INFO = NO;
				SDKROOT = iphoneos;
				SWIFT_OPTIMIZATION_LEVEL = "-Owholemodule";
				VALIDATE_PRODUCT = YES;
			};
			name = Release;
		};
		9AB0EA3E2038A1B000C60896 /* Debug */ = {
			isa = XCBuildConfiguration;
			buildSettings = {
				ASSETCATALOG_COMPILER_APPICON_NAME = AppIcon;
				CODE_SIGN_STYLE = Automatic;
				DEVELOPMENT_TEAM = TM8SJ5QFZ2;
				INFOPLIST_FILE = coreDataNeverCrash/Info.plist;
				LD_RUNPATH_SEARCH_PATHS = "$(inherited) @executable_path/Frameworks";
				PRODUCT_BUNDLE_IDENTIFIER = com.jonathanandtalia.coreDataNeverCrash;
				PRODUCT_NAME = "$(TARGET_NAME)";
				SWIFT_VERSION = 4.0;
				TARGETED_DEVICE_FAMILY = "1,2";
			};
			name = Debug;
		};
		9AB0EA3F2038A1B000C60896 /* Release */ = {
			isa = XCBuildConfiguration;
			buildSettings = {
				ASSETCATALOG_COMPILER_APPICON_NAME = AppIcon;
				CODE_SIGN_STYLE = Automatic;
				DEVELOPMENT_TEAM = TM8SJ5QFZ2;
				INFOPLIST_FILE = coreDataNeverCrash/Info.plist;
				LD_RUNPATH_SEARCH_PATHS = "$(inherited) @executable_path/Frameworks";
				PRODUCT_BUNDLE_IDENTIFIER = com.jonathanandtalia.coreDataNeverCrash;
				PRODUCT_NAME = "$(TARGET_NAME)";
				SWIFT_VERSION = 4.0;
				TARGETED_DEVICE_FAMILY = "1,2";
			};
			name = Release;
		};
/* End XCBuildConfiguration section */

/* Begin XCConfigurationList section */
		9AB0EA232038A1B000C60896 /* Build configuration list for PBXProject "coreDataNeverCrash" */ = {
			isa = XCConfigurationList;
			buildConfigurations = (
				9AB0EA3B2038A1B000C60896 /* Debug */,
				9AB0EA3C2038A1B000C60896 /* Release */,
			);
			defaultConfigurationIsVisible = 0;
			defaultConfigurationName = Release;
		};
		9AB0EA3D2038A1B000C60896 /* Build configuration list for PBXNativeTarget "coreDataNeverCrash" */ = {
			isa = XCConfigurationList;
			buildConfigurations = (
				9AB0EA3E2038A1B000C60896 /* Debug */,
				9AB0EA3F2038A1B000C60896 /* Release */,
			);
			defaultConfigurationIsVisible = 0;
			defaultConfigurationName = Release;
		};
/* End XCConfigurationList section */

/* Begin XCVersionGroup section */
		9AB0EA322038A1B000C60896 /* coreDataNeverCrash.xcdatamodeld */ = {
			isa = XCVersionGroup;
			children = (
				9AB0EA332038A1B000C60896 /* coreDataNeverCrash.xcdatamodel */,
			);
			currentVersion = 9AB0EA332038A1B000C60896 /* coreDataNeverCrash.xcdatamodel */;
			path = coreDataNeverCrash.xcdatamodeld;
			sourceTree = "<group>";
			versionGroupType = wrapper.xcdatamodel;
		};
/* End XCVersionGroup section */
	};
	rootObject = 9AB0EA202038A1B000C60896 /* Project object */;
}
